
Microsoft Visual Studio Solution File, Format Version 12.00
# Visual Studio Version 17
VisualStudioVersion = 17.11.35303.130
MinimumVisualStudioVersion = 10.0.40219.1
Project("{8BC9CEB8-8B4A-11D0-8D11-00A0C91BC942}") = "TP", "TP\TP.vcxproj", "{6E49F430-1C1C-475B-8182-E26821606431}"
EndProject
Global
	GlobalSection(SolutionConfigurationPlatforms) = preSolution
		Debug|x64 = Debug|x64
		Release|x64 = Release|x64
	EndGlobalSection
	GlobalSection(ProjectConfigurationPlatforms) = postSolution
		{6E49F430-1C1C-475B-8182-E26821606431}.Debug|x64.ActiveCfg = Debug|x64
		{6E49F430-1C1C-475B-8182-E26821606431}.Debug|x64.Build.0 = Debug|x64
		{6E49F430-1C1C-475B-8182-E26821606431}.Release|x64.ActiveCfg = Release|x64
		{6E49F430-1C1C-475B-8182-E26821606431}.Release|x64.Build.0 = Release|x64
	EndGlobalSection
	GlobalSection(SolutionProperties) = preSolution
		HideSolutionNode = FALSE
	EndGlobalSection
	GlobalSection(ExtensibilityGlobals) = postSolution
		SolutionGuid = {C6BE3670-52FE-4158-BCBA-FB3CE60ABC05}
	EndGlobalSection
EndGlobal
